
Microsoft Visual Studio Solution File, Format Version 12.00
# Visual Studio Version 16
VisualStudioVersion = 16.0.29403.142
MinimumVisualStudioVersion = 10.0.40219.1
Project("{FAE04EC0-301F-11D3-BF4B-00C04F79EFBC}") = "Battleship", "Battleship.csproj", "{39CDD8B1-F77B-4886-B394-FD24C2AF817C}"
EndProject
Global
	GlobalSection(SolutionConfigurationPlatforms) = preSolution
		Debug|Any CPU = Debug|Any CPU
		Release|Any CPU = Release|Any CPU
	EndGlobalSection
	GlobalSection(ProjectConfigurationPlatforms) = postSolution
		{39CDD8B1-F77B-4886-B394-FD24C2AF817C}.Debug|Any CPU.ActiveCfg = Debug|Any CPU
		{39CDD8B1-F77B-4886-B394-FD24C2AF817C}.Debug|Any CPU.Build.0 = Debug|Any CPU
		{39CDD8B1-F77B-4886-B394-FD24C2AF817C}.Release|Any CPU.ActiveCfg = Release|Any CPU
		{39CDD8B1-F77B-4886-B394-FD24C2AF817C}.Release|Any CPU.Build.0 = Release|Any CPU
	EndGlobalSection
	GlobalSection(SolutionProperties) = preSolution
		HideSolutionNode = FALSE
	EndGlobalSection
	GlobalSection(ExtensibilityGlobals) = postSolution
		SolutionGuid = {77A0622D-8543-43C2-B58E-B7C1BA09B03F}
	EndGlobalSection
EndGlobal
